
Microsoft Visual Studio Solution File, Format Version 12.00
Project("{FAE04EC0-301F-11D3-BF4B-00C04F79EFBC}") = "Build", "src\Build\Build.csproj", "{800440F8-601B-4188-93CC-E87126DBE25F}"
EndProject
Project("{FAE04EC0-301F-11D3-BF4B-00C04F79EFBC}") = "Common", "src\Roslyn\Common\Common.csproj", "{B858DACB-DA2A-41EF-A884-426BD3991CDA}"
EndProject
Project("{FAE04EC0-301F-11D3-BF4B-00C04F79EFBC}") = "Analyzer", "src\Roslyn\Analyzer\Analyzer.csproj", "{E78EFC68-CF49-4A31-BB63-998CADA5D425}"
EndProject
Project("{FAE04EC0-301F-11D3-BF4B-00C04F79EFBC}") = "CodeFixes", "src\Roslyn\CodeFixes\CodeFixes.csproj", "{C741BC00-9B9E-43D5-921C-49C1A290E46C}"
EndProject
Project("{FAE04EC0-301F-11D3-BF4B-00C04F79EFBC}") = "Generator", "src\Roslyn\Generator\Generator.csproj", "{0599ABCF-3574-42F1-AED7-3BF5607F7509}"
EndProject
Project("{FAE04EC0-301F-11D3-BF4B-00C04F79EFBC}") = "Sample", "src\Sample\Sample.csproj", "{F2753906-FD90-4929-8690-DB671AE24EC5}"
EndProject
Project("{FAE04EC0-301F-11D3-BF4B-00C04F79EFBC}") = "StaticContent", "src\StaticContent\StaticContent.csproj", "{0ADA65D1-A768-49EC-A558-EB6D1E34A80D}"
EndProject
Project("{FAE04EC0-301F-11D3-BF4B-00C04F79EFBC}") = "Analyzer.Tests", "src\Tests\Analyzer.Tests\Analyzer.Tests.csproj", "{43179E98-3CA4-4A52-8C5E-2C0911B1EC9E}"
EndProject
Project("{2150E333-8FDC-42A3-9474-1A3956D46DE8}") = "Roslyn", "Roslyn", "{0FDE9F7F-9944-4F63-967D-66BA1E7D1916}"
EndProject
Project("{2150E333-8FDC-42A3-9474-1A3956D46DE8}") = "Tests", "Tests", "{7C24045B-43DC-4C28-B310-687F02A5201E}"
EndProject
Project("{FAE04EC0-301F-11D3-BF4B-00C04F79EFBC}") = "Generator.Tests", "src\Tests\Generator.Tests\Generator.Tests.csproj", "{D738E615-0865-474D-B11D-EB17D86B9FDC}"
EndProject
Project("{FAE04EC0-301F-11D3-BF4B-00C04F79EFBC}") = "Benchmarks", "src\Tests\Benchmarks\Benchmarks.csproj", "{4B1E0F22-A0C1-4F0B-BF75-6214E75B00D8}"
EndProject
Project("{FAE04EC0-301F-11D3-BF4B-00C04F79EFBC}") = "Tests.Common", "src\Tests\Tests.Common\Tests.Common.csproj", "{E2F3FB2D-A074-432F-AAB1-8FB154A79E33}"
EndProject
Global
	GlobalSection(ProjectConfigurationPlatforms) = postSolution
		{E78EFC68-CF49-4A31-BB63-998CADA5D425}.Release|Any CPU.ActiveCfg = Release|Any CPU
		{E78EFC68-CF49-4A31-BB63-998CADA5D425}.Release|Any CPU.Build.0 = Release|Any CPU
		{E78EFC68-CF49-4A31-BB63-998CADA5D425}.Debug|Any CPU.ActiveCfg = Debug|Any CPU
		{E78EFC68-CF49-4A31-BB63-998CADA5D425}.Debug|Any CPU.Build.0 = Debug|Any CPU
		{43179E98-3CA4-4A52-8C5E-2C0911B1EC9E}.Release|Any CPU.ActiveCfg = Release|Any CPU
		{43179E98-3CA4-4A52-8C5E-2C0911B1EC9E}.Release|Any CPU.Build.0 = Release|Any CPU
		{43179E98-3CA4-4A52-8C5E-2C0911B1EC9E}.Debug|Any CPU.ActiveCfg = Debug|Any CPU
		{43179E98-3CA4-4A52-8C5E-2C0911B1EC9E}.Debug|Any CPU.Build.0 = Debug|Any CPU
		{800440F8-601B-4188-93CC-E87126DBE25F}.Release|Any CPU.ActiveCfg = Release|Any CPU
		{800440F8-601B-4188-93CC-E87126DBE25F}.Release|Any CPU.Build.0 = Release|Any CPU
		{800440F8-601B-4188-93CC-E87126DBE25F}.Debug|Any CPU.ActiveCfg = Debug|Any CPU
		{800440F8-601B-4188-93CC-E87126DBE25F}.Debug|Any CPU.Build.0 = Debug|Any CPU
		{C741BC00-9B9E-43D5-921C-49C1A290E46C}.Release|Any CPU.ActiveCfg = Release|Any CPU
		{C741BC00-9B9E-43D5-921C-49C1A290E46C}.Release|Any CPU.Build.0 = Release|Any CPU
		{C741BC00-9B9E-43D5-921C-49C1A290E46C}.Debug|Any CPU.ActiveCfg = Debug|Any CPU
		{C741BC00-9B9E-43D5-921C-49C1A290E46C}.Debug|Any CPU.Build.0 = Debug|Any CPU
		{B858DACB-DA2A-41EF-A884-426BD3991CDA}.Release|Any CPU.ActiveCfg = Release|Any CPU
		{B858DACB-DA2A-41EF-A884-426BD3991CDA}.Release|Any CPU.Build.0 = Release|Any CPU
		{B858DACB-DA2A-41EF-A884-426BD3991CDA}.Debug|Any CPU.ActiveCfg = Debug|Any CPU
		{B858DACB-DA2A-41EF-A884-426BD3991CDA}.Debug|Any CPU.Build.0 = Debug|Any CPU
		{0599ABCF-3574-42F1-AED7-3BF5607F7509}.Release|Any CPU.ActiveCfg = Release|Any CPU
		{0599ABCF-3574-42F1-AED7-3BF5607F7509}.Release|Any CPU.Build.0 = Release|Any CPU
		{0599ABCF-3574-42F1-AED7-3BF5607F7509}.Debug|Any CPU.ActiveCfg = Debug|Any CPU
		{0599ABCF-3574-42F1-AED7-3BF5607F7509}.Debug|Any CPU.Build.0 = Debug|Any CPU
		{F2753906-FD90-4929-8690-DB671AE24EC5}.Release|Any CPU.ActiveCfg = Release|Any CPU
		{F2753906-FD90-4929-8690-DB671AE24EC5}.Release|Any CPU.Build.0 = Release|Any CPU
		{F2753906-FD90-4929-8690-DB671AE24EC5}.Debug|Any CPU.ActiveCfg = Debug|Any CPU
		{F2753906-FD90-4929-8690-DB671AE24EC5}.Debug|Any CPU.Build.0 = Debug|Any CPU
		{0ADA65D1-A768-49EC-A558-EB6D1E34A80D}.Release|Any CPU.ActiveCfg = Release|Any CPU
		{0ADA65D1-A768-49EC-A558-EB6D1E34A80D}.Release|Any CPU.Build.0 = Release|Any CPU
		{0ADA65D1-A768-49EC-A558-EB6D1E34A80D}.Debug|Any CPU.ActiveCfg = Debug|Any CPU
		{0ADA65D1-A768-49EC-A558-EB6D1E34A80D}.Debug|Any CPU.Build.0 = Debug|Any CPU
		{D738E615-0865-474D-B11D-EB17D86B9FDC}.Release|Any CPU.ActiveCfg = Release|Any CPU
		{D738E615-0865-474D-B11D-EB17D86B9FDC}.Release|Any CPU.Build.0 = Release|Any CPU
		{D738E615-0865-474D-B11D-EB17D86B9FDC}.Debug|Any CPU.ActiveCfg = Debug|Any CPU
		{D738E615-0865-474D-B11D-EB17D86B9FDC}.Debug|Any CPU.Build.0 = Debug|Any CPU
		{4B1E0F22-A0C1-4F0B-BF75-6214E75B00D8}.Release|Any CPU.ActiveCfg = Release|Any CPU
		{4B1E0F22-A0C1-4F0B-BF75-6214E75B00D8}.Release|Any CPU.Build.0 = Release|Any CPU
		{4B1E0F22-A0C1-4F0B-BF75-6214E75B00D8}.Debug|Any CPU.ActiveCfg = Debug|Any CPU
		{4B1E0F22-A0C1-4F0B-BF75-6214E75B00D8}.Debug|Any CPU.Build.0 = Debug|Any CPU
		{E2F3FB2D-A074-432F-AAB1-8FB154A79E33}.Release|Any CPU.ActiveCfg = Release|Any CPU
		{E2F3FB2D-A074-432F-AAB1-8FB154A79E33}.Release|Any CPU.Build.0 = Release|Any CPU
		{E2F3FB2D-A074-432F-AAB1-8FB154A79E33}.Debug|Any CPU.ActiveCfg = Debug|Any CPU
		{E2F3FB2D-A074-432F-AAB1-8FB154A79E33}.Debug|Any CPU.Build.0 = Debug|Any CPU
	EndGlobalSection
	GlobalSection(SolutionConfigurationPlatforms) = preSolution
		Release|Any CPU = Release|Any CPU
		Debug|Any CPU = Debug|Any CPU
	EndGlobalSection
	GlobalSection(NestedProjects) = preSolution
		{E78EFC68-CF49-4A31-BB63-998CADA5D425} = {0FDE9F7F-9944-4F63-967D-66BA1E7D1916}
		{C741BC00-9B9E-43D5-921C-49C1A290E46C} = {0FDE9F7F-9944-4F63-967D-66BA1E7D1916}
		{0599ABCF-3574-42F1-AED7-3BF5607F7509} = {0FDE9F7F-9944-4F63-967D-66BA1E7D1916}
		{43179E98-3CA4-4A52-8C5E-2C0911B1EC9E} = {7C24045B-43DC-4C28-B310-687F02A5201E}
		{B858DACB-DA2A-41EF-A884-426BD3991CDA} = {0FDE9F7F-9944-4F63-967D-66BA1E7D1916}
		{D738E615-0865-474D-B11D-EB17D86B9FDC} = {7C24045B-43DC-4C28-B310-687F02A5201E}
		{4B1E0F22-A0C1-4F0B-BF75-6214E75B00D8} = {7C24045B-43DC-4C28-B310-687F02A5201E}
		{E2F3FB2D-A074-432F-AAB1-8FB154A79E33} = {7C24045B-43DC-4C28-B310-687F02A5201E}
	EndGlobalSection
EndGlobal
